{
    "requires": true,
    "lockfileVersion": 1,
    "dependencies": {
        "@sentry/core": {
            "version": "6.15.0",
            "resolved": "https://registry.npmjs.org/@sentry/core/-/core-6.15.0.tgz",
            "integrity": "sha512-mCbKyqvD1G3Re6gv6N8tRkBz84gvVWDfLtC6d1WBArIopzter6ktEbvq0cMT6EOvGI2OLXuJ6mtHA93/Q0gGpw==",
            "requires": {
                "@sentry/hub": "6.15.0",
                "@sentry/minimal": "6.15.0",
                "@sentry/types": "6.15.0",
                "@sentry/utils": "6.15.0",
                "tslib": "^1.9.3"
            }
        },
        "@sentry/hub": {
            "version": "6.15.0",
            "resolved": "https://registry.npmjs.org/@sentry/hub/-/hub-6.15.0.tgz",
            "integrity": "sha512-cUbHPeG6kKpGBaEMgbTWeU03Y1Up5T3urGF+cgtrn80PmPYYSUPvVvWlZQWPb8CJZ1yQ0gySWo5RUTatBFrEHA==",
            "requires": {
                "@sentry/types": "6.15.0",
                "@sentry/utils": "6.15.0",
                "tslib": "^1.9.3"
            }
        },
        "@sentry/minimal": {
            "version": "6.15.0",
            "resolved": "https://registry.npmjs.org/@sentry/minimal/-/minimal-6.15.0.tgz",
            "integrity": "sha512-7RJIvZsjBa1qFUfMrAzQsWdfZT6Gm4t6ZTYfkpsXPBA35hkzglKbBrhhsUvkxGIhUGw/PiCUqxBUjcmzQP0vfg==",
            "requires": {
                "@sentry/hub": "6.15.0",
                "@sentry/types": "6.15.0",
                "tslib": "^1.9.3"
            }
        },
        "@sentry/node": {
            "version": "6.15.0",
            "resolved": "https://registry.npmjs.org/@sentry/node/-/node-6.15.0.tgz",
            "integrity": "sha512-V1GeupWi9ClmoMy5eBWdVTv3k+Yx/JpddT4zCzzYY9QfjYtEvQI7R3SWFtlgXuaQQaZNU0WUoE2UgJV2N/vS8g==",
            "requires": {
                "@sentry/core": "6.15.0",
                "@sentry/hub": "6.15.0",
                "@sentry/tracing": "6.15.0",
                "@sentry/types": "6.15.0",
                "@sentry/utils": "6.15.0",
                "cookie": "^0.4.1",
                "https-proxy-agent": "^5.0.0",
                "lru_map": "^0.3.3",
                "tslib": "^1.9.3"
            }
        },
        "@sentry/tracing": {
            "version": "6.15.0",
            "resolved": "https://registry.npmjs.org/@sentry/tracing/-/tracing-6.15.0.tgz",
            "integrity": "sha512-V5unvX8qNEfdawX+m2n0jKgmH/YR2ItWZLH+3UevBTptO+xyfvRtpgGXYWUCo3iGvFgWb1C+iIC7LViR9rTvBg==",
            "requires": {
                "@sentry/hub": "6.15.0",
                "@sentry/minimal": "6.15.0",
                "@sentry/types": "6.15.0",
                "@sentry/utils": "6.15.0",
                "tslib": "^1.9.3"
            }
        },
        "@sentry/types": {
            "version": "6.15.0",
            "resolved": "https://registry.npmjs.org/@sentry/types/-/types-6.15.0.tgz",
            "integrity": "sha512-zBw5gPUsofXUSpS3ZAXqRNedLRBvirl3sqkj2Lez7X2EkKRgn5D8m9fQIrig/X3TsKcXUpijDW5Buk5zeCVzJA=="
        },
        "@sentry/utils": {
            "version": "6.15.0",
            "resolved": "https://registry.npmjs.org/@sentry/utils/-/utils-6.15.0.tgz",
            "integrity": "sha512-gnhKKyFtnNmKWjDizo7VKD0/Vx8cgW1lCusM6WI7jy2jlO3bQA0+Dzgmr4mIReZ74mq4VpOd2Vfrx7ZldW1DMw==",
            "requires": {
                "@sentry/types": "6.15.0",
                "tslib": "^1.9.3"
            }
        },
        "agent-base": {
            "version": "6.0.2",
            "resolved": "https://registry.npmjs.org/agent-base/-/agent-base-6.0.2.tgz",
            "integrity": "sha512-RZNwNclF7+MS/8bDg70amg32dyeZGZxiDuQmZxKLAlQjr3jGyLx+4Kkk58UO7D2QdgFIQCovuSuZESne6RG6XQ==",
            "requires": {
                "debug": "4"
            }
        },
        "cookie": {
            "version": "0.4.1",
            "resolved": "https://registry.npmjs.org/cookie/-/cookie-0.4.1.tgz",
            "integrity": "sha512-ZwrFkGJxUR3EIoXtO+yVE69Eb7KlixbaeAWfBQB9vVsNn/o+Yw69gBWSSDK825hQNdN+wF8zELf3dFNl/kxkUA=="
        },
        "debug": {
            "version": "4.3.3",
            "resolved": "https://registry.npmjs.org/debug/-/debug-4.3.3.tgz",
            "integrity": "sha512-/zxw5+vh1Tfv+4Qn7a5nsbcJKPaSvCDhojn6FEl9vupwK2VCSDtEiEtqr8DFtzYFOdz63LBkxec7DYuc2jon6Q==",
            "requires": {
                "ms": "2.1.2"
            }
        },
        "https-proxy-agent": {
            "version": "5.0.0",
            "resolved": "https://registry.npmjs.org/https-proxy-agent/-/https-proxy-agent-5.0.0.tgz",
            "integrity": "sha512-EkYm5BcKUGiduxzSt3Eppko+PiNWNEpa4ySk9vTC6wDsQJW9rHSa+UhGNJoRYp7bz6Ht1eaRIa6QaJqO5rCFbA==",
            "requires": {
                "agent-base": "6",
                "debug": "4"
            }
        },
        "lru_map": {
            "version": "0.3.3",
            "resolved": "https://registry.npmjs.org/lru_map/-/lru_map-0.3.3.tgz",
            "integrity": "sha1-tcg1G5Rky9dQM1p5ZQoOwOVhGN0="
        },
        "ms": {
            "version": "2.1.2",
            "resolved": "https://registry.npmjs.org/ms/-/ms-2.1.2.tgz",
            "integrity": "sha512-sGkPx+VjMtmA6MX27oA4FBFELFCZZ4S4XqeGOXCv68tT+jb3vk/RyaKWP0PTKyWtmLSM0b+adUTEvbs1PEaH2w=="
        },
        "tslib": {
            "version": "1.14.1",
            "resolved": "https://registry.npmjs.org/tslib/-/tslib-1.14.1.tgz",
            "integrity": "sha512-Xni35NKzjgMrwevysHTCArtLDpPvye8zV/0E4EyYn43P7/7qvQwPh9BGkHewbMulVntbigmcT7rdX3BNo9wRJg=="
        }
    }
}
